
Microsoft Visual Studio Solution File, Format Version 12.00
# Visual Studio Version 16
VisualStudioVersion = 16.0.33328.57
MinimumVisualStudioVersion = 10.0.40219.1
Project("{FAE04EC0-301F-11D3-BF4B-00C04F79EFBC}") = "QuanLyNhanVien", "QuanLyNhanVien\QuanLyNhanVien.csproj", "{87103EC5-B07B-4C1C-BA73-CB3A777CF568}"
EndProject
Global
	GlobalSection(SolutionConfigurationPlatforms) = preSolution
		Debug|Any CPU = Debug|Any CPU
		Release|Any CPU = Release|Any CPU
	EndGlobalSection
	GlobalSection(ProjectConfigurationPlatforms) = postSolution
		{87103EC5-B07B-4C1C-BA73-CB3A777CF568}.Debug|Any CPU.ActiveCfg = Debug|Any CPU
		{87103EC5-B07B-4C1C-BA73-CB3A777CF568}.Debug|Any CPU.Build.0 = Debug|Any CPU
		{87103EC5-B07B-4C1C-BA73-CB3A777CF568}.Release|Any CPU.ActiveCfg = Release|Any CPU
		{87103EC5-B07B-4C1C-BA73-CB3A777CF568}.Release|Any CPU.Build.0 = Release|Any CPU
	EndGlobalSection
	GlobalSection(SolutionProperties) = preSolution
		HideSolutionNode = FALSE
	EndGlobalSection
	GlobalSection(ExtensibilityGlobals) = postSolution
		SolutionGuid = {8BB5A5ED-C522-4467-ADE0-440327D5744A}
	EndGlobalSection
EndGlobal
